
Microsoft Visual Studio Solution File, Format Version 12.00
# Visual Studio Version 17
VisualStudioVersion = 17.5.002.0
MinimumVisualStudioVersion = 10.0.40219.1
Project("{9A19103F-16F7-4668-BE54-9A1E7A4F7556}") = "CSharp", "CSharp\CSharp.csproj", "{62C20BA9-F10A-4826-857F-4E22FCC9C811}"
EndProject
Project("{9A19103F-16F7-4668-BE54-9A1E7A4F7556}") = "CSharpTest", "CSharpTest\CSharpTest.csproj", "{ADFD6507-51EA-48D3-84AD-73D51A9F1920}"
EndProject
Global
	GlobalSection(SolutionConfigurationPlatforms) = preSolution
		Debug|Any CPU = Debug|Any CPU
		Release|Any CPU = Release|Any CPU
	EndGlobalSection
	GlobalSection(ProjectConfigurationPlatforms) = postSolution
		{62C20BA9-F10A-4826-857F-4E22FCC9C811}.Debug|Any CPU.ActiveCfg = Debug|Any CPU
		{62C20BA9-F10A-4826-857F-4E22FCC9C811}.Debug|Any CPU.Build.0 = Debug|Any CPU
		{62C20BA9-F10A-4826-857F-4E22FCC9C811}.Release|Any CPU.ActiveCfg = Release|Any CPU
		{62C20BA9-F10A-4826-857F-4E22FCC9C811}.Release|Any CPU.Build.0 = Release|Any CPU
		{ADFD6507-51EA-48D3-84AD-73D51A9F1920}.Debug|Any CPU.ActiveCfg = Debug|Any CPU
		{ADFD6507-51EA-48D3-84AD-73D51A9F1920}.Debug|Any CPU.Build.0 = Debug|Any CPU
		{ADFD6507-51EA-48D3-84AD-73D51A9F1920}.Release|Any CPU.ActiveCfg = Release|Any CPU
		{ADFD6507-51EA-48D3-84AD-73D51A9F1920}.Release|Any CPU.Build.0 = Release|Any CPU
	EndGlobalSection
	GlobalSection(SolutionProperties) = preSolution
		HideSolutionNode = FALSE
	EndGlobalSection
	GlobalSection(ExtensibilityGlobals) = postSolution
		SolutionGuid = {1DA46EB1-7B21-47C7-A485-DEFD78E433D0}
	EndGlobalSection
EndGlobal
