
Microsoft Visual Studio Solution File, Format Version 12.00
# Visual Studio Version 17
VisualStudioVersion = 17.5.002.0
MinimumVisualStudioVersion = 10.0.40219.1
Project("{9A19103F-16F7-4668-BE54-9A1E7A4F7556}") = "IntroToCoding", "IntroToCoding.csproj", "{30691DE6-408F-45CF-AA13-24FB3D7C4A65}"
EndProject
Global
	GlobalSection(SolutionConfigurationPlatforms) = preSolution
		Debug|Any CPU = Debug|Any CPU
		Release|Any CPU = Release|Any CPU
	EndGlobalSection
	GlobalSection(ProjectConfigurationPlatforms) = postSolution
		{30691DE6-408F-45CF-AA13-24FB3D7C4A65}.Debug|Any CPU.ActiveCfg = Debug|Any CPU
		{30691DE6-408F-45CF-AA13-24FB3D7C4A65}.Debug|Any CPU.Build.0 = Debug|Any CPU
		{30691DE6-408F-45CF-AA13-24FB3D7C4A65}.Release|Any CPU.ActiveCfg = Release|Any CPU
		{30691DE6-408F-45CF-AA13-24FB3D7C4A65}.Release|Any CPU.Build.0 = Release|Any CPU
	EndGlobalSection
	GlobalSection(SolutionProperties) = preSolution
		HideSolutionNode = FALSE
	EndGlobalSection
	GlobalSection(ExtensibilityGlobals) = postSolution
		SolutionGuid = {428A9DEB-972A-4E31-843E-5723FB0206CA}
	EndGlobalSection
EndGlobal
